
Microsoft Visual Studio Solution File, Format Version 12.00
# Visual Studio 14
VisualStudioVersion = 14.0.25420.1
MinimumVisualStudioVersion = 10.0.40219.1
Project("{FAE04EC0-301F-11D3-BF4B-00C04F79EFBC}") = "Vault", "Vault\Vault.csproj", "{0C16AA8E-283D-47E3-B86D-1290F41D638F}"
EndProject
Project("{2150E333-8FDC-42A3-9474-1A3956D46DE8}") = "Solution Items", "Solution Items", "{DFEEF519-6BBC-4757-AEFC-FEE1A06D1D82}"
	ProjectSection(SolutionItems) = preProject
		.gitignore = .gitignore
	EndProjectSection
EndProject
Global
	GlobalSection(SolutionConfigurationPlatforms) = preSolution
		Debug|Any CPU = Debug|Any CPU
		Release|Any CPU = Release|Any CPU
	EndGlobalSection
	GlobalSection(ProjectConfigurationPlatforms) = postSolution
		{0C16AA8E-283D-47E3-B86D-1290F41D638F}.Debug|Any CPU.ActiveCfg = Debug|Any CPU
		{0C16AA8E-283D-47E3-B86D-1290F41D638F}.Debug|Any CPU.Build.0 = Debug|Any CPU
		{0C16AA8E-283D-47E3-B86D-1290F41D638F}.Release|Any CPU.ActiveCfg = Release|Any CPU
		{0C16AA8E-283D-47E3-B86D-1290F41D638F}.Release|Any CPU.Build.0 = Release|Any CPU
	EndGlobalSection
	GlobalSection(SolutionProperties) = preSolution
		HideSolutionNode = FALSE
	EndGlobalSection
EndGlobal
