
Microsoft Visual Studio Solution File, Format Version 12.00
# Visual Studio 15
VisualStudioVersion = 15.0.28010.2026
MinimumVisualStudioVersion = 10.0.40219.1
Project("{9A19103F-16F7-4668-BE54-9A1E7A4F7556}") = "Vault", "Vault\Vault.csproj", "{28EEFE36-AA64-44C5-9FBC-540D062E822E}"
EndProject
Project("{2150E333-8FDC-42A3-9474-1A3956D46DE8}") = "Solution Items", "Solution Items", "{D4A3406E-7531-4EB0-AE3D-EF4F44ED050A}"
	ProjectSection(SolutionItems) = preProject
		.editorconfig = .editorconfig
		.eslintrc = .eslintrc
		.gitignore = .gitignore
		Vault.ruleset = Vault.ruleset
	EndProjectSection
EndProject
Global
	GlobalSection(SolutionConfigurationPlatforms) = preSolution
		Debug|Any CPU = Debug|Any CPU
		Release|Any CPU = Release|Any CPU
	EndGlobalSection
	GlobalSection(ProjectConfigurationPlatforms) = postSolution
		{28EEFE36-AA64-44C5-9FBC-540D062E822E}.Debug|Any CPU.ActiveCfg = Debug|Any CPU
		{28EEFE36-AA64-44C5-9FBC-540D062E822E}.Debug|Any CPU.Build.0 = Debug|Any CPU
		{28EEFE36-AA64-44C5-9FBC-540D062E822E}.Release|Any CPU.ActiveCfg = Release|Any CPU
		{28EEFE36-AA64-44C5-9FBC-540D062E822E}.Release|Any CPU.Build.0 = Release|Any CPU
	EndGlobalSection
	GlobalSection(SolutionProperties) = preSolution
		HideSolutionNode = FALSE
	EndGlobalSection
	GlobalSection(ExtensibilityGlobals) = postSolution
		SolutionGuid = {AB741328-98AD-4643-81C0-693E729DE477}
	EndGlobalSection
EndGlobal
