
Microsoft Visual Studio Solution File, Format Version 12.00
# Visual Studio Version 16
VisualStudioVersion = 16.0.28803.352
MinimumVisualStudioVersion = 10.0.40219.1
Project("{9A19103F-16F7-4668-BE54-9A1E7A4F7556}") = "Vault", "Vault\Vault.csproj", "{28EEFE36-AA64-44C5-9FBC-540D062E822E}"
EndProject
Project("{2150E333-8FDC-42A3-9474-1A3956D46DE8}") = "Solution Items", "Solution Items", "{D4A3406E-7531-4EB0-AE3D-EF4F44ED050A}"
	ProjectSection(SolutionItems) = preProject
		.editorconfig = .editorconfig
		.eslintrc = .eslintrc
		.gitignore = .gitignore
		azure-pipelines.yml = azure-pipelines.yml
		Vault.ruleset = Vault.ruleset
	EndProjectSection
EndProject
Project("{FAE04EC0-301F-11D3-BF4B-00C04F79EFBC}") = "Utils", "Utils\Utils.csproj", "{36682FAA-7676-4928-89DB-867972231DF9}"
EndProject
Global
	GlobalSection(SolutionConfigurationPlatforms) = preSolution
		Debug|Any CPU = Debug|Any CPU
		Release|Any CPU = Release|Any CPU
	EndGlobalSection
	GlobalSection(ProjectConfigurationPlatforms) = postSolution
		{28EEFE36-AA64-44C5-9FBC-540D062E822E}.Debug|Any CPU.ActiveCfg = Debug|Any CPU
		{28EEFE36-AA64-44C5-9FBC-540D062E822E}.Debug|Any CPU.Build.0 = Debug|Any CPU
		{28EEFE36-AA64-44C5-9FBC-540D062E822E}.Release|Any CPU.ActiveCfg = Release|Any CPU
		{28EEFE36-AA64-44C5-9FBC-540D062E822E}.Release|Any CPU.Build.0 = Release|Any CPU
		{36682FAA-7676-4928-89DB-867972231DF9}.Debug|Any CPU.ActiveCfg = Debug|Any CPU
		{36682FAA-7676-4928-89DB-867972231DF9}.Debug|Any CPU.Build.0 = Debug|Any CPU
		{36682FAA-7676-4928-89DB-867972231DF9}.Release|Any CPU.ActiveCfg = Release|Any CPU
		{36682FAA-7676-4928-89DB-867972231DF9}.Release|Any CPU.Build.0 = Release|Any CPU
	EndGlobalSection
	GlobalSection(SolutionProperties) = preSolution
		HideSolutionNode = FALSE
	EndGlobalSection
	GlobalSection(ExtensibilityGlobals) = postSolution
		SolutionGuid = {AB741328-98AD-4643-81C0-693E729DE477}
	EndGlobalSection
EndGlobal
